
Microsoft Visual Studio Solution File, Format Version 12.00
# Visual Studio Version 16
VisualStudioVersion = 16.0.30104.148
MinimumVisualStudioVersion = 10.0.40219.1
Project("{FAE04EC0-301F-11D3-BF4B-00C04F79EFBC}") = "CarRentals", "CarRental\CarRentals.csproj", "{DED6E48C-70F4-4394-B267-9A8A54283CF0}"
EndProject
Global
	GlobalSection(SolutionConfigurationPlatforms) = preSolution
		Debug|Any CPU = Debug|Any CPU
		Release|Any CPU = Release|Any CPU
	EndGlobalSection
	GlobalSection(ProjectConfigurationPlatforms) = postSolution
		{DED6E48C-70F4-4394-B267-9A8A54283CF0}.Debug|Any CPU.ActiveCfg = Debug|Any CPU
		{DED6E48C-70F4-4394-B267-9A8A54283CF0}.Debug|Any CPU.Build.0 = Debug|Any CPU
		{DED6E48C-70F4-4394-B267-9A8A54283CF0}.Release|Any CPU.ActiveCfg = Release|Any CPU
		{DED6E48C-70F4-4394-B267-9A8A54283CF0}.Release|Any CPU.Build.0 = Release|Any CPU
	EndGlobalSection
	GlobalSection(SolutionProperties) = preSolution
		HideSolutionNode = FALSE
	EndGlobalSection
	GlobalSection(ExtensibilityGlobals) = postSolution
		SolutionGuid = {B2AC44CE-35FA-4D99-8005-6BA4BD9EF33D}
	EndGlobalSection
EndGlobal
